
Microsoft Visual Studio Solution File, Format Version 12.00
# Visual Studio Version 16
VisualStudioVersion = 16.0.30413.136
MinimumVisualStudioVersion = 10.0.40219.1
Project("{FAE04EC0-301F-11D3-BF4B-00C04F79EFBC}") = "SportsStore", "SportsStore\SportsStore.csproj", "{E5F43C90-A7DD-461D-9DE7-5E0736FC70B7}"
EndProject
Project("{FAE04EC0-301F-11D3-BF4B-00C04F79EFBC}") = "SportsStore.Tests", "SportsStore.Tests\SportsStore.Tests.csproj", "{B65063BA-54D4-407F-B616-3673D12A181B}"
EndProject
Global
	GlobalSection(SolutionConfigurationPlatforms) = preSolution
		Debug|Any CPU = Debug|Any CPU
		Release|Any CPU = Release|Any CPU
	EndGlobalSection
	GlobalSection(ProjectConfigurationPlatforms) = postSolution
		{E5F43C90-A7DD-461D-9DE7-5E0736FC70B7}.Debug|Any CPU.ActiveCfg = Debug|Any CPU
		{E5F43C90-A7DD-461D-9DE7-5E0736FC70B7}.Debug|Any CPU.Build.0 = Debug|Any CPU
		{E5F43C90-A7DD-461D-9DE7-5E0736FC70B7}.Release|Any CPU.ActiveCfg = Release|Any CPU
		{E5F43C90-A7DD-461D-9DE7-5E0736FC70B7}.Release|Any CPU.Build.0 = Release|Any CPU
		{B65063BA-54D4-407F-B616-3673D12A181B}.Debug|Any CPU.ActiveCfg = Debug|Any CPU
		{B65063BA-54D4-407F-B616-3673D12A181B}.Debug|Any CPU.Build.0 = Debug|Any CPU
		{B65063BA-54D4-407F-B616-3673D12A181B}.Release|Any CPU.ActiveCfg = Release|Any CPU
		{B65063BA-54D4-407F-B616-3673D12A181B}.Release|Any CPU.Build.0 = Release|Any CPU
	EndGlobalSection
	GlobalSection(SolutionProperties) = preSolution
		HideSolutionNode = FALSE
	EndGlobalSection
	GlobalSection(ExtensibilityGlobals) = postSolution
		SolutionGuid = {3952B616-28CF-485F-A058-51B5B033F132}
	EndGlobalSection
EndGlobal
